
Microsoft Visual Studio Solution File, Format Version 12.00
# Visual Studio Version 16
VisualStudioVersion = 16.0.35706.149
MinimumVisualStudioVersion = 10.0.40219.1
Project("{F184B08F-C81C-45F6-A57F-5ABD9991F28F}") = "umbraco8-test", "umbraco8-test\umbraco8-test.vbproj", "{9D2801D4-F9BA-4680-B4DF-DB9E468684DB}"
EndProject
Global
	GlobalSection(SolutionConfigurationPlatforms) = preSolution
		Debug|Any CPU = Debug|Any CPU
		Release|Any CPU = Release|Any CPU
	EndGlobalSection
	GlobalSection(ProjectConfigurationPlatforms) = postSolution
		{9D2801D4-F9BA-4680-B4DF-DB9E468684DB}.Debug|Any CPU.ActiveCfg = Debug|Any CPU
		{9D2801D4-F9BA-4680-B4DF-DB9E468684DB}.Debug|Any CPU.Build.0 = Debug|Any CPU
		{9D2801D4-F9BA-4680-B4DF-DB9E468684DB}.Release|Any CPU.ActiveCfg = Release|Any CPU
		{9D2801D4-F9BA-4680-B4DF-DB9E468684DB}.Release|Any CPU.Build.0 = Release|Any CPU
	EndGlobalSection
	GlobalSection(SolutionProperties) = preSolution
		HideSolutionNode = FALSE
	EndGlobalSection
	GlobalSection(ExtensibilityGlobals) = postSolution
		SolutionGuid = {9EBA861A-E32F-44FE-BD56-EC83F8E7533B}
	EndGlobalSection
EndGlobal
